
Microsoft Visual Studio Solution File, Format Version 12.00
# Visual Studio Version 17
VisualStudioVersion = 17.2.32616.157
MinimumVisualStudioVersion = 10.0.40219.1
Project("{FAE04EC0-301F-11D3-BF4B-00C04F79EFBC}") = "CountryToTxt", "CountryToTxt\CountryToTxt.csproj", "{C74EDED2-E38F-49FB-B73D-E8A39B1975FA}"
EndProject
Global
	GlobalSection(SolutionConfigurationPlatforms) = preSolution
		Debug|Any CPU = Debug|Any CPU
		Release|Any CPU = Release|Any CPU
	EndGlobalSection
	GlobalSection(ProjectConfigurationPlatforms) = postSolution
		{C74EDED2-E38F-49FB-B73D-E8A39B1975FA}.Debug|Any CPU.ActiveCfg = Debug|Any CPU
		{C74EDED2-E38F-49FB-B73D-E8A39B1975FA}.Debug|Any CPU.Build.0 = Debug|Any CPU
		{C74EDED2-E38F-49FB-B73D-E8A39B1975FA}.Release|Any CPU.ActiveCfg = Release|Any CPU
		{C74EDED2-E38F-49FB-B73D-E8A39B1975FA}.Release|Any CPU.Build.0 = Release|Any CPU
	EndGlobalSection
	GlobalSection(SolutionProperties) = preSolution
		HideSolutionNode = FALSE
	EndGlobalSection
	GlobalSection(ExtensibilityGlobals) = postSolution
		SolutionGuid = {FF9B6385-8B99-4E31-A12C-21E8FE5F7D13}
	EndGlobalSection
EndGlobal
